
Microsoft Visual Studio Solution File, Format Version 12.00
# Visual Studio 15
VisualStudioVersion = 15.0.28307.438
MinimumVisualStudioVersion = 10.0.40219.1
Project("{FAE04EC0-301F-11D3-BF4B-00C04F79EFBC}") = "test4", "test4\test4.csproj", "{AB21D81F-EAA2-46D2-BD63-131F4BB976C6}"
EndProject
Global
	GlobalSection(SolutionConfigurationPlatforms) = preSolution
		Debug|Any CPU = Debug|Any CPU
		Release|Any CPU = Release|Any CPU
	EndGlobalSection
	GlobalSection(ProjectConfigurationPlatforms) = postSolution
		{AB21D81F-EAA2-46D2-BD63-131F4BB976C6}.Debug|Any CPU.ActiveCfg = Debug|Any CPU
		{AB21D81F-EAA2-46D2-BD63-131F4BB976C6}.Debug|Any CPU.Build.0 = Debug|Any CPU
		{AB21D81F-EAA2-46D2-BD63-131F4BB976C6}.Release|Any CPU.ActiveCfg = Release|Any CPU
		{AB21D81F-EAA2-46D2-BD63-131F4BB976C6}.Release|Any CPU.Build.0 = Release|Any CPU
	EndGlobalSection
	GlobalSection(SolutionProperties) = preSolution
		HideSolutionNode = FALSE
	EndGlobalSection
	GlobalSection(ExtensibilityGlobals) = postSolution
		SolutionGuid = {A7E0DD05-D21E-4291-B49A-D903D9D50742}
	EndGlobalSection
EndGlobal
