
Microsoft Visual Studio Solution File, Format Version 12.00
# Visual Studio 15
VisualStudioVersion = 15.0.28307.421
MinimumVisualStudioVersion = 10.0.40219.1
Project("{FAE04EC0-301F-11D3-BF4B-00C04F79EFBC}") = "third lesson", "third lesson\third lesson.csproj", "{7A45FD28-1E4C-4E26-BE63-26A349068DB6}"
EndProject
Global
	GlobalSection(SolutionConfigurationPlatforms) = preSolution
		Debug|Any CPU = Debug|Any CPU
		Release|Any CPU = Release|Any CPU
	EndGlobalSection
	GlobalSection(ProjectConfigurationPlatforms) = postSolution
		{7A45FD28-1E4C-4E26-BE63-26A349068DB6}.Debug|Any CPU.ActiveCfg = Debug|Any CPU
		{7A45FD28-1E4C-4E26-BE63-26A349068DB6}.Debug|Any CPU.Build.0 = Debug|Any CPU
		{7A45FD28-1E4C-4E26-BE63-26A349068DB6}.Release|Any CPU.ActiveCfg = Release|Any CPU
		{7A45FD28-1E4C-4E26-BE63-26A349068DB6}.Release|Any CPU.Build.0 = Release|Any CPU
	EndGlobalSection
	GlobalSection(SolutionProperties) = preSolution
		HideSolutionNode = FALSE
	EndGlobalSection
	GlobalSection(ExtensibilityGlobals) = postSolution
		SolutionGuid = {B739F65C-5E61-4942-AC3C-1FB36E1919AA}
	EndGlobalSection
EndGlobal
