
Microsoft Visual Studio Solution File, Format Version 12.00
# Visual Studio 15
VisualStudioVersion = 15.0.28307.421
MinimumVisualStudioVersion = 10.0.40219.1
Project("{FAE04EC0-301F-11D3-BF4B-00C04F79EFBC}") = "Task5_MagdinaVika", "Task5_MagdinaVika\Task5_MagdinaVika.csproj", "{F9D67AEB-BFB6-4819-B510-ADF50CCCAD16}"
EndProject
Global
	GlobalSection(SolutionConfigurationPlatforms) = preSolution
		Debug|Any CPU = Debug|Any CPU
		Release|Any CPU = Release|Any CPU
	EndGlobalSection
	GlobalSection(ProjectConfigurationPlatforms) = postSolution
		{F9D67AEB-BFB6-4819-B510-ADF50CCCAD16}.Debug|Any CPU.ActiveCfg = Debug|Any CPU
		{F9D67AEB-BFB6-4819-B510-ADF50CCCAD16}.Debug|Any CPU.Build.0 = Debug|Any CPU
		{F9D67AEB-BFB6-4819-B510-ADF50CCCAD16}.Release|Any CPU.ActiveCfg = Release|Any CPU
		{F9D67AEB-BFB6-4819-B510-ADF50CCCAD16}.Release|Any CPU.Build.0 = Release|Any CPU
	EndGlobalSection
	GlobalSection(SolutionProperties) = preSolution
		HideSolutionNode = FALSE
	EndGlobalSection
	GlobalSection(ExtensibilityGlobals) = postSolution
		SolutionGuid = {B4C559AB-4056-4FA0-B1B1-710612FCD209}
	EndGlobalSection
EndGlobal
